// !$*UTF8*$!
{
	archiveVersion = 1;
	classes = {
	};
	objectVersion = 50;
	objects = {

/* Begin PBXBuildFile section */
		A5E850E0268E5144000FFEA5 /* AppDelegate.swift in Sources */ = {isa = PBXBuildFile; fileRef = A5E850DF268E5144000FFEA5 /* AppDelegate.swift */; };
		A5E850E2268E5144000FFEA5 /* SceneDelegate.swift in Sources */ = {isa = PBXBuildFile; fileRef = A5E850E1268E5144000FFEA5 /* SceneDelegate.swift */; };
		A5E850E4268E5144000FFEA5 /* ViewController.swift in Sources */ = {isa = PBXBuildFile; fileRef = A5E850E3268E5144000FFEA5 /* ViewController.swift */; };
		A5E850E7268E5144000FFEA5 /* Main.storyboard in Resources */ = {isa = PBXBuildFile; fileRef = A5E850E5268E5144000FFEA5 /* Main.storyboard */; };
		A5E850E9268E5145000FFEA5 /* Assets.xcassets in Resources */ = {isa = PBXBuildFile; fileRef = A5E850E8268E5145000FFEA5 /* Assets.xcassets */; };
		A5E850EC268E5145000FFEA5 /* LaunchScreen.storyboard in Resources */ = {isa = PBXBuildFile; fileRef = A5E850EA268E5145000FFEA5 /* LaunchScreen.storyboard */; };
		A5E850F7268E5145000FFEA5 /* ContactsTests.swift in Sources */ = {isa = PBXBuildFile; fileRef = A5E850F6268E5145000FFEA5 /* ContactsTests.swift */; };
		A5E85102268E5145000FFEA5 /* ContactsUITests.swift in Sources */ = {isa = PBXBuildFile; fileRef = A5E85101268E5145000FFEA5 /* ContactsUITests.swift */; };
		A5E85110268E5820000FFEA5 /* ContactsViewController.swift in Sources */ = {isa = PBXBuildFile; fileRef = A5E8510F268E5820000FFEA5 /* ContactsViewController.swift */; };
		A5E85112268E5AF7000FFEA5 /* ContactTableViewCell.swift in Sources */ = {isa = PBXBuildFile; fileRef = A5E85111268E5AF7000FFEA5 /* ContactTableViewCell.swift */; };
		A5E8AE39268F23A100798F47 /* InfoViewController.swift in Sources */ = {isa = PBXBuildFile; fileRef = A5E8AE38268F23A100798F47 /* InfoViewController.swift */; };
/* End PBXBuildFile section */

/* Begin PBXContainerItemProxy section */
		A5E850F3268E5145000FFEA5 /* PBXContainerItemProxy */ = {
			isa = PBXContainerItemProxy;
			containerPortal = A5E850D4268E5144000FFEA5 /* Project object */;
			proxyType = 1;
			remoteGlobalIDString = A5E850DB268E5144000FFEA5;
			remoteInfo = Contacts;
		};
		A5E850FE268E5145000FFEA5 /* PBXContainerItemProxy */ = {
			isa = PBXContainerItemProxy;
			containerPortal = A5E850D4268E5144000FFEA5 /* Project object */;
			proxyType = 1;
			remoteGlobalIDString = A5E850DB268E5144000FFEA5;
			remoteInfo = Contacts;
		};
/* End PBXContainerItemProxy section */

/* Begin PBXFileReference section */
		A5E850DC268E5144000FFEA5 /* Contacts.app */ = {isa = PBXFileReference; explicitFileType = wrapper.application; includeInIndex = 0; path = Contacts.app; sourceTree = BUILT_PRODUCTS_DIR; };
		A5E850DF268E5144000FFEA5 /* AppDelegate.swift */ = {isa = PBXFileReference; lastKnownFileType = sourcecode.swift; path = AppDelegate.swift; sourceTree = "<group>"; };
		A5E850E1268E5144000FFEA5 /* SceneDelegate.swift */ = {isa = PBXFileReference; lastKnownFileType = sourcecode.swift; path = SceneDelegate.swift; sourceTree = "<group>"; };
		A5E850E3268E5144000FFEA5 /* ViewController.swift */ = {isa = PBXFileReference; lastKnownFileType = sourcecode.swift; path = ViewController.swift; sourceTree = "<group>"; };
		A5E850E6268E5144000FFEA5 /* Base */ = {isa = PBXFileReference; lastKnownFileType = file.storyboard; name = Base; path = Base.lproj/Main.storyboard; sourceTree = "<group>"; };
		A5E850E8268E5145000FFEA5 /* Assets.xcassets */ = {isa = PBXFileReference; lastKnownFileType = folder.assetcatalog; path = Assets.xcassets; sourceTree = "<group>"; };
		A5E850EB268E5145000FFEA5 /* Base */ = {isa = PBXFileReference; lastKnownFileType = file.storyboard; name = Base; path = Base.lproj/LaunchScreen.storyboard; sourceTree = "<group>"; };
		A5E850ED268E5145000FFEA5 /* Info.plist */ = {isa = PBXFileReference; lastKnownFileType = text.plist.xml; path = Info.plist; sourceTree = "<group>"; };
		A5E850F2268E5145000FFEA5 /* ContactsTests.xctest */ = {isa = PBXFileReference; explicitFileType = wrapper.cfbundle; includeInIndex = 0; path = ContactsTests.xctest; sourceTree = BUILT_PRODUCTS_DIR; };
		A5E850F6268E5145000FFEA5 /* ContactsTests.swift */ = {isa = PBXFileReference; lastKnownFileType = sourcecode.swift; path = ContactsTests.swift; sourceTree = "<group>"; };
		A5E850F8268E5145000FFEA5 /* Info.plist */ = {isa = PBXFileReference; lastKnownFileType = text.plist.xml; path = Info.plist; sourceTree = "<group>"; };
		A5E850FD268E5145000FFEA5 /* ContactsUITests.xctest */ = {isa = PBXFileReference; explicitFileType = wrapper.cfbundle; includeInIndex = 0; path = ContactsUITests.xctest; sourceTree = BUILT_PRODUCTS_DIR; };
		A5E85101268E5145000FFEA5 /* ContactsUITests.swift */ = {isa = PBXFileReference; lastKnownFileType = sourcecode.swift; path = ContactsUITests.swift; sourceTree = "<group>"; };
		A5E85103268E5145000FFEA5 /* Info.plist */ = {isa = PBXFileReference; lastKnownFileType = text.plist.xml; path = Info.plist; sourceTree = "<group>"; };
		A5E8510F268E5820000FFEA5 /* ContactsViewController.swift */ = {isa = PBXFileReference; lastKnownFileType = sourcecode.swift; path = ContactsViewController.swift; sourceTree = "<group>"; };
		A5E85111268E5AF7000FFEA5 /* ContactTableViewCell.swift */ = {isa = PBXFileReference; lastKnownFileType = sourcecode.swift; path = ContactTableViewCell.swift; sourceTree = "<group>"; };
		A5E8AE38268F23A100798F47 /* InfoViewController.swift */ = {isa = PBXFileReference; lastKnownFileType = sourcecode.swift; path = InfoViewController.swift; sourceTree = "<group>"; };
/* End PBXFileReference section */

/* Begin PBXFrameworksBuildPhase section */
		A5E850D9268E5144000FFEA5 /* Frameworks */ = {
			isa = PBXFrameworksBuildPhase;
			buildActionMask = 2147483647;
			files = (
			);
			runOnlyForDeploymentPostprocessing = 0;
		};
		A5E850EF268E5145000FFEA5 /* Frameworks */ = {
			isa = PBXFrameworksBuildPhase;
			buildActionMask = 2147483647;
			files = (
			);
			runOnlyForDeploymentPostprocessing = 0;
		};
		A5E850FA268E5145000FFEA5 /* Frameworks */ = {
			isa = PBXFrameworksBuildPhase;
			buildActionMask = 2147483647;
			files = (
			);
			runOnlyForDeploymentPostprocessing = 0;
		};
/* End PBXFrameworksBuildPhase section */

/* Begin PBXGroup section */
		A5E850D3268E5144000FFEA5 = {
			isa = PBXGroup;
			children = (
				A5E850DE268E5144000FFEA5 /* Contacts */,
				A5E850F5268E5145000FFEA5 /* ContactsTests */,
				A5E85100268E5145000FFEA5 /* ContactsUITests */,
				A5E850DD268E5144000FFEA5 /* Products */,
			);
			sourceTree = "<group>";
		};
		A5E850DD268E5144000FFEA5 /* Products */ = {
			isa = PBXGroup;
			children = (
				A5E850DC268E5144000FFEA5 /* Contacts.app */,
				A5E850F2268E5145000FFEA5 /* ContactsTests.xctest */,
				A5E850FD268E5145000FFEA5 /* ContactsUITests.xctest */,
			);
			name = Products;
			sourceTree = "<group>";
		};
		A5E850DE268E5144000FFEA5 /* Contacts */ = {
			isa = PBXGroup;
			children = (
				A5E850DF268E5144000FFEA5 /* AppDelegate.swift */,
				A5E850E1268E5144000FFEA5 /* SceneDelegate.swift */,
				A5E850E3268E5144000FFEA5 /* ViewController.swift */,
				A5E850E5268E5144000FFEA5 /* Main.storyboard */,
				A5E8AE38268F23A100798F47 /* InfoViewController.swift */,
				A5E8510F268E5820000FFEA5 /* ContactsViewController.swift */,
				A5E85111268E5AF7000FFEA5 /* ContactTableViewCell.swift */,
				A5E850E8268E5145000FFEA5 /* Assets.xcassets */,
				A5E850EA268E5145000FFEA5 /* LaunchScreen.storyboard */,
				A5E850ED268E5145000FFEA5 /* Info.plist */,
			);
			path = Contacts;
			sourceTree = "<group>";
		};
		A5E850F5268E5145000FFEA5 /* ContactsTests */ = {
			isa = PBXGroup;
			children = (
				A5E850F6268E5145000FFEA5 /* ContactsTests.swift */,
				A5E850F8268E5145000FFEA5 /* Info.plist */,
			);
			path = ContactsTests;
			sourceTree = "<group>";
		};
		A5E85100268E5145000FFEA5 /* ContactsUITests */ = {
			isa = PBXGroup;
			children = (
				A5E85101268E5145000FFEA5 /* ContactsUITests.swift */,
				A5E85103268E5145000FFEA5 /* Info.plist */,
			);
			path = ContactsUITests;
			sourceTree = "<group>";
		};
/* End PBXGroup section */

/* Begin PBXNativeTarget section */
		A5E850DB268E5144000FFEA5 /* Contacts */ = {
			isa = PBXNativeTarget;
			buildConfigurationList = A5E85106268E5145000FFEA5 /* Build configuration list for PBXNativeTarget "Contacts" */;
			buildPhases = (
				A5E850D8268E5144000FFEA5 /* Sources */,
				A5E850D9268E5144000FFEA5 /* Frameworks */,
				A5E850DA268E5144000FFEA5 /* Resources */,
			);
			buildRules = (
			);
			dependencies = (
			);
			name = Contacts;
			productName = Contacts;
			productReference = A5E850DC268E5144000FFEA5 /* Contacts.app */;
			productType = "com.apple.product-type.application";
		};
		A5E850F1268E5145000FFEA5 /* ContactsTests */ = {
			isa = PBXNativeTarget;
			buildConfigurationList = A5E85109268E5145000FFEA5 /* Build configuration list for PBXNativeTarget "ContactsTests" */;
			buildPhases = (
				A5E850EE268E5145000FFEA5 /* Sources */,
				A5E850EF268E5145000FFEA5 /* Frameworks */,
				A5E850F0268E5145000FFEA5 /* Resources */,
			);
			buildRules = (
			);
			dependencies = (
				A5E850F4268E5145000FFEA5 /* PBXTargetDependency */,
			);
			name = ContactsTests;
			productName = ContactsTests;
			productReference = A5E850F2268E5145000FFEA5 /* ContactsTests.xctest */;
			productType = "com.apple.product-type.bundle.unit-test";
		};
		A5E850FC268E5145000FFEA5 /* ContactsUITests */ = {
			isa = PBXNativeTarget;
			buildConfigurationList = A5E8510C268E5145000FFEA5 /* Build configuration list for PBXNativeTarget "ContactsUITests" */;
			buildPhases = (
				A5E850F9268E5145000FFEA5 /* Sources */,
				A5E850FA268E5145000FFEA5 /* Frameworks */,
				A5E850FB268E5145000FFEA5 /* Resources */,
			);
			buildRules = (
			);
			dependencies = (
				A5E850FF268E5145000FFEA5 /* PBXTargetDependency */,
			);
			name = ContactsUITests;
			productName = ContactsUITests;
			productReference = A5E850FD268E5145000FFEA5 /* ContactsUITests.xctest */;
			productType = "com.apple.product-type.bundle.ui-testing";
		};
/* End PBXNativeTarget section */

/* Begin PBXProject section */
		A5E850D4268E5144000FFEA5 /* Project object */ = {
			isa = PBXProject;
			attributes = {
				KnownAssetTags = (
					trr,
				);
				LastSwiftUpdateCheck = 1250;
				LastUpgradeCheck = 1250;
				TargetAttributes = {
					A5E850DB268E5144000FFEA5 = {
						CreatedOnToolsVersion = 12.5.1;
					};
					A5E850F1268E5145000FFEA5 = {
						CreatedOnToolsVersion = 12.5.1;
						TestTargetID = A5E850DB268E5144000FFEA5;
					};
					A5E850FC268E5145000FFEA5 = {
						CreatedOnToolsVersion = 12.5.1;
						TestTargetID = A5E850DB268E5144000FFEA5;
					};
				};
			};
			buildConfigurationList = A5E850D7268E5144000FFEA5 /* Build configuration list for PBXProject "Contacts" */;
			compatibilityVersion = "Xcode 9.3";
			developmentRegion = en;
			hasScannedForEncodings = 0;
			knownRegions = (
				en,
				Base,
			);
			mainGroup = A5E850D3268E5144000FFEA5;
			productRefGroup = A5E850DD268E5144000FFEA5 /* Products */;
			projectDirPath = "";
			projectRoot = "";
			targets = (
				A5E850DB268E5144000FFEA5 /* Contacts */,
				A5E850F1268E5145000FFEA5 /* ContactsTests */,
				A5E850FC268E5145000FFEA5 /* ContactsUITests */,
			);
		};
/* End PBXProject section */

/* Begin PBXResourcesBuildPhase section */
		A5E850DA268E5144000FFEA5 /* Resources */ = {
			isa = PBXResourcesBuildPhase;
			buildActionMask = 2147483647;
			files = (
				A5E850EC268E5145000FFEA5 /* LaunchScreen.storyboard in Resources */,
				A5E850E9268E5145000FFEA5 /* Assets.xcassets in Resources */,
				A5E850E7268E5144000FFEA5 /* Main.storyboard in Resources */,
			);
			runOnlyForDeploymentPostprocessing = 0;
		};
		A5E850F0268E5145000FFEA5 /* Resources */ = {
			isa = PBXResourcesBuildPhase;
			buildActionMask = 2147483647;
			files = (
			);
			runOnlyForDeploymentPostprocessing = 0;
		};
		A5E850FB268E5145000FFEA5 /* Resources */ = {
			isa = PBXResourcesBuildPhase;
			buildActionMask = 2147483647;
			files = (
			);
			runOnlyForDeploymentPostprocessing = 0;
		};
/* End PBXResourcesBuildPhase section */

/* Begin PBXSourcesBuildPhase section */
		A5E850D8268E5144000FFEA5 /* Sources */ = {
			isa = PBXSourcesBuildPhase;
			buildActionMask = 2147483647;
			files = (
				A5E850E4268E5144000FFEA5 /* ViewController.swift in Sources */,
				A5E85112268E5AF7000FFEA5 /* ContactTableViewCell.swift in Sources */,
				A5E85110268E5820000FFEA5 /* ContactsViewController.swift in Sources */,
				A5E850E0268E5144000FFEA5 /* AppDelegate.swift in Sources */,
				A5E8AE39268F23A100798F47 /* InfoViewController.swift in Sources */,
				A5E850E2268E5144000FFEA5 /* SceneDelegate.swift in Sources */,
			);
			runOnlyForDeploymentPostprocessing = 0;
		};
		A5E850EE268E5145000FFEA5 /* Sources */ = {
			isa = PBXSourcesBuildPhase;
			buildActionMask = 2147483647;
			files = (
				A5E850F7268E5145000FFEA5 /* ContactsTests.swift in Sources */,
			);
			runOnlyForDeploymentPostprocessing = 0;
		};
		A5E850F9268E5145000FFEA5 /* Sources */ = {
			isa = PBXSourcesBuildPhase;
			buildActionMask = 2147483647;
			files = (
				A5E85102268E5145000FFEA5 /* ContactsUITests.swift in Sources */,
			);
			runOnlyForDeploymentPostprocessing = 0;
		};
/* End PBXSourcesBuildPhase section */

/* Begin PBXTargetDependency section */
		A5E850F4268E5145000FFEA5 /* PBXTargetDependency */ = {
			isa = PBXTargetDependency;
			target = A5E850DB268E5144000FFEA5 /* Contacts */;
			targetProxy = A5E850F3268E5145000FFEA5 /* PBXContainerItemProxy */;
		};
		A5E850FF268E5145000FFEA5 /* PBXTargetDependency */ = {
			isa = PBXTargetDependency;
			target = A5E850DB268E5144000FFEA5 /* Contacts */;
			targetProxy = A5E850FE268E5145000FFEA5 /* PBXContainerItemProxy */;
		};
/* End PBXTargetDependency section */

/* Begin PBXVariantGroup section */
		A5E850E5268E5144000FFEA5 /* Main.storyboard */ = {
			isa = PBXVariantGroup;
			children = (
				A5E850E6268E5144000FFEA5 /* Base */,
			);
			name = Main.storyboard;
			sourceTree = "<group>";
		};
		A5E850EA268E5145000FFEA5 /* LaunchScreen.storyboard */ = {
			isa = PBXVariantGroup;
			children = (
				A5E850EB268E5145000FFEA5 /* Base */,
			);
			name = LaunchScreen.storyboard;
			sourceTree = "<group>";
		};
/* End PBXVariantGroup section */

/* Begin XCBuildConfiguration section */
		A5E85104268E5145000FFEA5 /* Debug */ = {
			isa = XCBuildConfiguration;
			buildSettings = {
				ALWAYS_SEARCH_USER_PATHS = NO;
				CLANG_ANALYZER_NONNULL = YES;
				CLANG_ANALYZER_NUMBER_OBJECT_CONVERSION = YES_AGGRESSIVE;
				CLANG_CXX_LANGUAGE_STANDARD = "gnu++14";
				CLANG_CXX_LIBRARY = "libc++";
				CLANG_ENABLE_MODULES = YES;
				CLANG_ENABLE_OBJC_ARC = YES;
				CLANG_ENABLE_OBJC_WEAK = YES;
				CLANG_WARN_BLOCK_CAPTURE_AUTORELEASING = YES;
				CLANG_WARN_BOOL_CONVERSION = YES;
				CLANG_WARN_COMMA = YES;
				CLANG_WARN_CONSTANT_CONVERSION = YES;
				CLANG_WARN_DEPRECATED_OBJC_IMPLEMENTATIONS = YES;
				CLANG_WARN_DIRECT_OBJC_ISA_USAGE = YES_ERROR;
				CLANG_WARN_DOCUMENTATION_COMMENTS = YES;
				CLANG_WARN_EMPTY_BODY = YES;
				CLANG_WARN_ENUM_CONVERSION = YES;
				CLANG_WARN_INFINITE_RECURSION = YES;
				CLANG_WARN_INT_CONVERSION = YES;
				CLANG_WARN_NON_LITERAL_NULL_CONVERSION = YES;
				CLANG_WARN_OBJC_IMPLICIT_RETAIN_SELF = YES;
				CLANG_WARN_OBJC_LITERAL_CONVERSION = YES;
				CLANG_WARN_OBJC_ROOT_CLASS = YES_ERROR;
				CLANG_WARN_QUOTED_INCLUDE_IN_FRAMEWORK_HEADER = YES;
				CLANG_WARN_RANGE_LOOP_ANALYSIS = YES;
				CLANG_WARN_STRICT_PROTOTYPES = YES;
				CLANG_WARN_SUSPICIOUS_MOVE = YES;
				CLANG_WARN_UNGUARDED_AVAILABILITY = YES_AGGRESSIVE;
				CLANG_WARN_UNREACHABLE_CODE = YES;
				CLANG_WARN__DUPLICATE_METHOD_MATCH = YES;
				COPY_PHASE_STRIP = NO;
				DEBUG_INFORMATION_FORMAT = dwarf;
				ENABLE_STRICT_OBJC_MSGSEND = YES;
				ENABLE_TESTABILITY = YES;
				GCC_C_LANGUAGE_STANDARD = gnu11;
				GCC_DYNAMIC_NO_PIC = NO;
				GCC_NO_COMMON_BLOCKS = YES;
				GCC_OPTIMIZATION_LEVEL = 0;
				GCC_PREPROCESSOR_DEFINITIONS = (
					"DEBUG=1",
					"$(inherited)",
				);
				GCC_WARN_64_TO_32_BIT_CONVERSION = YES;
				GCC_WARN_ABOUT_RETURN_TYPE = YES_ERROR;
				GCC_WARN_UNDECLARED_SELECTOR = YES;
				GCC_WARN_UNINITIALIZED_AUTOS = YES_AGGRESSIVE;
				GCC_WARN_UNUSED_FUNCTION = YES;
				GCC_WARN_UNUSED_VARIABLE = YES;
				IPHONEOS_DEPLOYMENT_TARGET = 14.5;
				MTL_ENABLE_DEBUG_INFO = INCLUDE_SOURCE;
				MTL_FAST_MATH = YES;
				ONLY_ACTIVE_ARCH = YES;
				SDKROOT = iphoneos;
				SWIFT_ACTIVE_COMPILATION_CONDITIONS = DEBUG;
				SWIFT_OPTIMIZATION_LEVEL = "-Onone";
			};
			name = Debug;
		};
		A5E85105268E5145000FFEA5 /* Release */ = {
			isa = XCBuildConfiguration;
			buildSettings = {
				ALWAYS_SEARCH_USER_PATHS = NO;
				CLANG_ANALYZER_NONNULL = YES;
				CLANG_ANALYZER_NUMBER_OBJECT_CONVERSION = YES_AGGRESSIVE;
				CLANG_CXX_LANGUAGE_STANDARD = "gnu++14";
				CLANG_CXX_LIBRARY = "libc++";
				CLANG_ENABLE_MODULES = YES;
				CLANG_ENABLE_OBJC_ARC = YES;
				CLANG_ENABLE_OBJC_WEAK = YES;
				CLANG_WARN_BLOCK_CAPTURE_AUTORELEASING = YES;
				CLANG_WARN_BOOL_CONVERSION = YES;
				CLANG_WARN_COMMA = YES;
				CLANG_WARN_CONSTANT_CONVERSION = YES;
				CLANG_WARN_DEPRECATED_OBJC_IMPLEMENTATIONS = YES;
				CLANG_WARN_DIRECT_OBJC_ISA_USAGE = YES_ERROR;
				CLANG_WARN_DOCUMENTATION_COMMENTS = YES;
				CLANG_WARN_EMPTY_BODY = YES;
				CLANG_WARN_ENUM_CONVERSION = YES;
				CLANG_WARN_INFINITE_RECURSION = YES;
				CLANG_WARN_INT_CONVERSION = YES;
				CLANG_WARN_NON_LITERAL_NULL_CONVERSION = YES;
				CLANG_WARN_OBJC_IMPLICIT_RETAIN_SELF = YES;
				CLANG_WARN_OBJC_LITERAL_CONVERSION = YES;
				CLANG_WARN_OBJC_ROOT_CLASS = YES_ERROR;
				CLANG_WARN_QUOTED_INCLUDE_IN_FRAMEWORK_HEADER = YES;
				CLANG_WARN_RANGE_LOOP_ANALYSIS = YES;
				CLANG_WARN_STRICT_PROTOTYPES = YES;
				CLANG_WARN_SUSPICIOUS_MOVE = YES;
				CLANG_WARN_UNGUARDED_AVAILABILITY = YES_AGGRESSIVE;
				CLANG_WARN_UNREACHABLE_CODE = YES;
				CLANG_WARN__DUPLICATE_METHOD_MATCH = YES;
				COPY_PHASE_STRIP = NO;
				DEBUG_INFORMATION_FORMAT = "dwarf-with-dsym";
				ENABLE_NS_ASSERTIONS = NO;
				ENABLE_STRICT_OBJC_MSGSEND = YES;
				GCC_C_LANGUAGE_STANDARD = gnu11;
				GCC_NO_COMMON_BLOCKS = YES;
				GCC_WARN_64_TO_32_BIT_CONVERSION = YES;
				GCC_WARN_ABOUT_RETURN_TYPE = YES_ERROR;
				GCC_WARN_UNDECLARED_SELECTOR = YES;
				GCC_WARN_UNINITIALIZED_AUTOS = YES_AGGRESSIVE;
				GCC_WARN_UNUSED_FUNCTION = YES;
				GCC_WARN_UNUSED_VARIABLE = YES;
				IPHONEOS_DEPLOYMENT_TARGET = 14.5;
				MTL_ENABLE_DEBUG_INFO = NO;
				MTL_FAST_MATH = YES;
				SDKROOT = iphoneos;
				SWIFT_COMPILATION_MODE = wholemodule;
				SWIFT_OPTIMIZATION_LEVEL = "-O";
				VALIDATE_PRODUCT = YES;
			};
			name = Release;
		};
		A5E85107268E5145000FFEA5 /* Debug */ = {
			isa = XCBuildConfiguration;
			buildSettings = {
				ASSETCATALOG_COMPILER_APPICON_NAME = AppIcon;
				ASSETCATALOG_COMPILER_GLOBAL_ACCENT_COLOR_NAME = AccentColor;
				CODE_SIGN_STYLE = Automatic;
				INFOPLIST_FILE = Contacts/Info.plist;
				LD_RUNPATH_SEARCH_PATHS = (
					"$(inherited)",
					"@executable_path/Frameworks",
				);
				PRODUCT_BUNDLE_IDENTIFIER = ITIS.Contacts;
				PRODUCT_NAME = "$(TARGET_NAME)";
				SWIFT_VERSION = 5.0;
				TARGETED_DEVICE_FAMILY = 1;
			};
			name = Debug;
		};
		A5E85108268E5145000FFEA5 /* Release */ = {
			isa = XCBuildConfiguration;
			buildSettings = {
				ASSETCATALOG_COMPILER_APPICON_NAME = AppIcon;
				ASSETCATALOG_COMPILER_GLOBAL_ACCENT_COLOR_NAME = AccentColor;
				CODE_SIGN_STYLE = Automatic;
				INFOPLIST_FILE = Contacts/Info.plist;
				LD_RUNPATH_SEARCH_PATHS = (
					"$(inherited)",
					"@executable_path/Frameworks",
				);
				PRODUCT_BUNDLE_IDENTIFIER = ITIS.Contacts;
				PRODUCT_NAME = "$(TARGET_NAME)";
				SWIFT_VERSION = 5.0;
				TARGETED_DEVICE_FAMILY = 1;
			};
			name = Release;
		};
		A5E8510A268E5145000FFEA5 /* Debug */ = {
			isa = XCBuildConfiguration;
			buildSettings = {
				ALWAYS_EMBED_SWIFT_STANDARD_LIBRARIES = YES;
				BUNDLE_LOADER = "$(TEST_HOST)";
				CODE_SIGN_STYLE = Automatic;
				INFOPLIST_FILE = ContactsTests/Info.plist;
				IPHONEOS_DEPLOYMENT_TARGET = 14.5;
				LD_RUNPATH_SEARCH_PATHS = (
					"$(inherited)",
					"@executable_path/Frameworks",
					"@loader_path/Frameworks",
				);
				PRODUCT_BUNDLE_IDENTIFIER = ITIS.ContactsTests;
				PRODUCT_NAME = "$(TARGET_NAME)";
				SWIFT_VERSION = 5.0;
				TARGETED_DEVICE_FAMILY = "1,2";
				TEST_HOST = "$(BUILT_PRODUCTS_DIR)/Contacts.app/Contacts";
			};
			name = Debug;
		};
		A5E8510B268E5145000FFEA5 /* Release */ = {
			isa = XCBuildConfiguration;
			buildSettings = {
				ALWAYS_EMBED_SWIFT_STANDARD_LIBRARIES = YES;
				BUNDLE_LOADER = "$(TEST_HOST)";
				CODE_SIGN_STYLE = Automatic;
				INFOPLIST_FILE = ContactsTests/Info.plist;
				IPHONEOS_DEPLOYMENT_TARGET = 14.5;
				LD_RUNPATH_SEARCH_PATHS = (
					"$(inherited)",
					"@executable_path/Frameworks",
					"@loader_path/Frameworks",
				);
				PRODUCT_BUNDLE_IDENTIFIER = ITIS.ContactsTests;
				PRODUCT_NAME = "$(TARGET_NAME)";
				SWIFT_VERSION = 5.0;
				TARGETED_DEVICE_FAMILY = "1,2";
				TEST_HOST = "$(BUILT_PRODUCTS_DIR)/Contacts.app/Contacts";
			};
			name = Release;
		};
		A5E8510D268E5145000FFEA5 /* Debug */ = {
			isa = XCBuildConfiguration;
			buildSettings = {
				ALWAYS_EMBED_SWIFT_STANDARD_LIBRARIES = YES;
				CODE_SIGN_STYLE = Automatic;
				INFOPLIST_FILE = ContactsUITests/Info.plist;
				LD_RUNPATH_SEARCH_PATHS = (
					"$(inherited)",
					"@executable_path/Frameworks",
					"@loader_path/Frameworks",
				);
				PRODUCT_BUNDLE_IDENTIFIER = ITIS.ContactsUITests;
				PRODUCT_NAME = "$(TARGET_NAME)";
				SWIFT_VERSION = 5.0;
				TARGETED_DEVICE_FAMILY = "1,2";
				TEST_TARGET_NAME = Contacts;
			};
			name = Debug;
		};
		A5E8510E268E5145000FFEA5 /* Release */ = {
			isa = XCBuildConfiguration;
			buildSettings = {
				ALWAYS_EMBED_SWIFT_STANDARD_LIBRARIES = YES;
				CODE_SIGN_STYLE = Automatic;
				INFOPLIST_FILE = ContactsUITests/Info.plist;
				LD_RUNPATH_SEARCH_PATHS = (
					"$(inherited)",
					"@executable_path/Frameworks",
					"@loader_path/Frameworks",
				);
				PRODUCT_BUNDLE_IDENTIFIER = ITIS.ContactsUITests;
				PRODUCT_NAME = "$(TARGET_NAME)";
				SWIFT_VERSION = 5.0;
				TARGETED_DEVICE_FAMILY = "1,2";
				TEST_TARGET_NAME = Contacts;
			};
			name = Release;
		};
/* End XCBuildConfiguration section */

/* Begin XCConfigurationList section */
		A5E850D7268E5144000FFEA5 /* Build configuration list for PBXProject "Contacts" */ = {
			isa = XCConfigurationList;
			buildConfigurations = (
				A5E85104268E5145000FFEA5 /* Debug */,
				A5E85105268E5145000FFEA5 /* Release */,
			);
			defaultConfigurationIsVisible = 0;
			defaultConfigurationName = Release;
		};
		A5E85106268E5145000FFEA5 /* Build configuration list for PBXNativeTarget "Contacts" */ = {
			isa = XCConfigurationList;
			buildConfigurations = (
				A5E85107268E5145000FFEA5 /* Debug */,
				A5E85108268E5145000FFEA5 /* Release */,
			);
			defaultConfigurationIsVisible = 0;
			defaultConfigurationName = Release;
		};
		A5E85109268E5145000FFEA5 /* Build configuration list for PBXNativeTarget "ContactsTests" */ = {
			isa = XCConfigurationList;
			buildConfigurations = (
				A5E8510A268E5145000FFEA5 /* Debug */,
				A5E8510B268E5145000FFEA5 /* Release */,
			);
			defaultConfigurationIsVisible = 0;
			defaultConfigurationName = Release;
		};
		A5E8510C268E5145000FFEA5 /* Build configuration list for PBXNativeTarget "ContactsUITests" */ = {
			isa = XCConfigurationList;
			buildConfigurations = (
				A5E8510D268E5145000FFEA5 /* Debug */,
				A5E8510E268E5145000FFEA5 /* Release */,
			);
			defaultConfigurationIsVisible = 0;
			defaultConfigurationName = Release;
		};
/* End XCConfigurationList section */
	};
	rootObject = A5E850D4268E5144000FFEA5 /* Project object */;
}
